PODS:
  - Protobuf (3.13.0)
  - SnapKit (5.0.1)
  - SSZipArchive (2.2.3)
  - SVGAPlayer (2.3.5):
    - SVGAPlayer/Core (= 2.3.5)
    - SVGAPlayer/ProtoFiles (= 2.3.5)
  - SVGAPlayer/Core (2.3.5):
    - SSZipArchive (>= 1.8.1)
    - SVGAPlayer/ProtoFiles
  - SVGAPlayer/ProtoFiles (2.3.5):
    - Protobuf (~> 3.4)
  - UUDeviceModule (1.0.9):
    - SnapKit (~> 5.0.0)
    - SVGAPlayer (= 2.3.5)

DEPENDENCIES:
  - UUDeviceModule (from `../`)

SPEC REPOS:
  trunk:
    - Protobuf
    - SnapKit
    - SSZipArchive
    - SVGAPlayer

EXTERNAL SOURCES:
  UUDeviceModule:
    :path: "../"

SPEC CHECKSUMS:
  Protobuf: 3dac39b34a08151c6d949560efe3f86134a3f748
  SnapKit: 97b92857e3df3a0c71833cce143274bf6ef8e5eb
  SSZipArchive: 62d4947b08730e4cda640473b0066d209ff033c9
  SVGAPlayer: bae4048710c948dc4de98971e35207d3bbed85ad
  UUDeviceModule: aa76977d7ae14798cde51ebaf2fcecd998bc031c

PODFILE CHECKSUM: 1ff25308838f25d6f84dbd24d722cbf034979c26

COCOAPODS: 1.10.0
